
Microsoft Visual Studio Solution File, Format Version 12.00
# Visual Studio Version 17
VisualStudioVersion = 17.0.31521.260
MinimumVisualStudioVersion = 10.0.40219.1
Project("{9A19103F-16F7-4668-BE54-9A1E7A4F7556}") = "DockerGen", "DockerGen\DockerGen.csproj", "{4880EDA4-DC0D-49FB-84FF-6BAFB82D9801}"
EndProject
Project("{2150E333-8FDC-42A3-9474-1A3956D46DE8}") = "Deploy", "Deploy", "{09303D28-F3E4-4452-A556-9A61492FE584}"
	ProjectSection(SolutionItems) = preProject
		..\k8s\api-deploy.yaml = ..\k8s\api-deploy.yaml
		..\k8s\deploy.yaml = ..\k8s\deploy.yaml
		..\Dockerfile = ..\Dockerfile
		..\nginx.conf = ..\nginx.conf
	EndProjectSection
EndProject
Project("{2150E333-8FDC-42A3-9474-1A3956D46DE8}") = "Recipes", "Recipes", "{E2B0BED7-E523-46DF-83D8-7C17085848CB}"
	ProjectSection(SolutionItems) = preProject
		..\recipes\CreateSelfSignedCertificate.yml = ..\recipes\CreateSelfSignedCertificate.yml
		..\recipes\DotNetBuild.yml = ..\recipes\DotNetBuild.yml
		..\recipes\RunAsUser.yml = ..\recipes\RunAsUser.yml
	EndProjectSection
EndProject
Project("{9A19103F-16F7-4668-BE54-9A1E7A4F7556}") = "DockerGen.Api", "DockerGen.Api\DockerGen.Api.csproj", "{8775CB48-E1A4-4E37-8CC7-1E4BA87ACB15}"
EndProject
Project("{9A19103F-16F7-4668-BE54-9A1E7A4F7556}") = "DockerGen.Shared", "DockerGen.Shared\DockerGen.Shared.csproj", "{AA383444-7C0C-45D0-B068-0C516FDF7109}"
EndProject
Project("{9A19103F-16F7-4668-BE54-9A1E7A4F7556}") = "DockerGen.Shared.Tests", "DockerGen.Tests\DockerGen.Shared.Tests.csproj", "{24BA2852-9A00-4EAF-8C1C-E02E61A095D1}"
EndProject
Global
	GlobalSection(SolutionConfigurationPlatforms) = preSolution
		Debug|Any CPU = Debug|Any CPU
		Debug|x64 = Debug|x64
		Debug|x86 = Debug|x86
		Release|Any CPU = Release|Any CPU
		Release|x64 = Release|x64
		Release|x86 = Release|x86
	EndGlobalSection
	GlobalSection(ProjectConfigurationPlatforms) = postSolution
		{4880EDA4-DC0D-49FB-84FF-6BAFB82D9801}.Debug|Any CPU.ActiveCfg = Debug|Any CPU
		{4880EDA4-DC0D-49FB-84FF-6BAFB82D9801}.Debug|Any CPU.Build.0 = Debug|Any CPU
		{4880EDA4-DC0D-49FB-84FF-6BAFB82D9801}.Debug|x64.ActiveCfg = Debug|Any CPU
		{4880EDA4-DC0D-49FB-84FF-6BAFB82D9801}.Debug|x64.Build.0 = Debug|Any CPU
		{4880EDA4-DC0D-49FB-84FF-6BAFB82D9801}.Debug|x86.ActiveCfg = Debug|Any CPU
		{4880EDA4-DC0D-49FB-84FF-6BAFB82D9801}.Debug|x86.Build.0 = Debug|Any CPU
		{4880EDA4-DC0D-49FB-84FF-6BAFB82D9801}.Release|Any CPU.ActiveCfg = Release|Any CPU
		{4880EDA4-DC0D-49FB-84FF-6BAFB82D9801}.Release|Any CPU.Build.0 = Release|Any CPU
		{4880EDA4-DC0D-49FB-84FF-6BAFB82D9801}.Release|x64.ActiveCfg = Release|Any CPU
		{4880EDA4-DC0D-49FB-84FF-6BAFB82D9801}.Release|x64.Build.0 = Release|Any CPU
		{4880EDA4-DC0D-49FB-84FF-6BAFB82D9801}.Release|x86.ActiveCfg = Release|Any CPU
		{4880EDA4-DC0D-49FB-84FF-6BAFB82D9801}.Release|x86.Build.0 = Release|Any CPU
		{8775CB48-E1A4-4E37-8CC7-1E4BA87ACB15}.Debug|Any CPU.ActiveCfg = Debug|Any CPU
		{8775CB48-E1A4-4E37-8CC7-1E4BA87ACB15}.Debug|Any CPU.Build.0 = Debug|Any CPU
		{8775CB48-E1A4-4E37-8CC7-1E4BA87ACB15}.Debug|x64.ActiveCfg = Debug|Any CPU
		{8775CB48-E1A4-4E37-8CC7-1E4BA87ACB15}.Debug|x64.Build.0 = Debug|Any CPU
		{8775CB48-E1A4-4E37-8CC7-1E4BA87ACB15}.Debug|x86.ActiveCfg = Debug|Any CPU
		{8775CB48-E1A4-4E37-8CC7-1E4BA87ACB15}.Debug|x86.Build.0 = Debug|Any CPU
		{8775CB48-E1A4-4E37-8CC7-1E4BA87ACB15}.Release|Any CPU.ActiveCfg = Release|Any CPU
		{8775CB48-E1A4-4E37-8CC7-1E4BA87ACB15}.Release|Any CPU.Build.0 = Release|Any CPU
		{8775CB48-E1A4-4E37-8CC7-1E4BA87ACB15}.Release|x64.ActiveCfg = Release|Any CPU
		{8775CB48-E1A4-4E37-8CC7-1E4BA87ACB15}.Release|x64.Build.0 = Release|Any CPU
		{8775CB48-E1A4-4E37-8CC7-1E4BA87ACB15}.Release|x86.ActiveCfg = Release|Any CPU
		{8775CB48-E1A4-4E37-8CC7-1E4BA87ACB15}.Release|x86.Build.0 = Release|Any CPU
		{AA383444-7C0C-45D0-B068-0C516FDF7109}.Debug|Any CPU.ActiveCfg = Debug|Any CPU
		{AA383444-7C0C-45D0-B068-0C516FDF7109}.Debug|Any CPU.Build.0 = Debug|Any CPU
		{AA383444-7C0C-45D0-B068-0C516FDF7109}.Debug|x64.ActiveCfg = Debug|Any CPU
		{AA383444-7C0C-45D0-B068-0C516FDF7109}.Debug|x64.Build.0 = Debug|Any CPU
		{AA383444-7C0C-45D0-B068-0C516FDF7109}.Debug|x86.ActiveCfg = Debug|Any CPU
		{AA383444-7C0C-45D0-B068-0C516FDF7109}.Debug|x86.Build.0 = Debug|Any CPU
		{AA383444-7C0C-45D0-B068-0C516FDF7109}.Release|Any CPU.ActiveCfg = Release|Any CPU
		{AA383444-7C0C-45D0-B068-0C516FDF7109}.Release|Any CPU.Build.0 = Release|Any CPU
		{AA383444-7C0C-45D0-B068-0C516FDF7109}.Release|x64.ActiveCfg = Release|Any CPU
		{AA383444-7C0C-45D0-B068-0C516FDF7109}.Release|x64.Build.0 = Release|Any CPU
		{AA383444-7C0C-45D0-B068-0C516FDF7109}.Release|x86.ActiveCfg = Release|Any CPU
		{AA383444-7C0C-45D0-B068-0C516FDF7109}.Release|x86.Build.0 = Release|Any CPU
		{24BA2852-9A00-4EAF-8C1C-E02E61A095D1}.Debug|Any CPU.ActiveCfg = Debug|Any CPU
		{24BA2852-9A00-4EAF-8C1C-E02E61A095D1}.Debug|Any CPU.Build.0 = Debug|Any CPU
		{24BA2852-9A00-4EAF-8C1C-E02E61A095D1}.Debug|x64.ActiveCfg = Debug|Any CPU
		{24BA2852-9A00-4EAF-8C1C-E02E61A095D1}.Debug|x64.Build.0 = Debug|Any CPU
		{24BA2852-9A00-4EAF-8C1C-E02E61A095D1}.Debug|x86.ActiveCfg = Debug|Any CPU
		{24BA2852-9A00-4EAF-8C1C-E02E61A095D1}.Debug|x86.Build.0 = Debug|Any CPU
		{24BA2852-9A00-4EAF-8C1C-E02E61A095D1}.Release|Any CPU.ActiveCfg = Release|Any CPU
		{24BA2852-9A00-4EAF-8C1C-E02E61A095D1}.Release|Any CPU.Build.0 = Release|Any CPU
		{24BA2852-9A00-4EAF-8C1C-E02E61A095D1}.Release|x64.ActiveCfg = Release|Any CPU
		{24BA2852-9A00-4EAF-8C1C-E02E61A095D1}.Release|x64.Build.0 = Release|Any CPU
		{24BA2852-9A00-4EAF-8C1C-E02E61A095D1}.Release|x86.ActiveCfg = Release|Any CPU
		{24BA2852-9A00-4EAF-8C1C-E02E61A095D1}.Release|x86.Build.0 = Release|Any CPU
	EndGlobalSection
	GlobalSection(SolutionProperties) = preSolution
		HideSolutionNode = FALSE
	EndGlobalSection
	GlobalSection(ExtensibilityGlobals) = postSolution
		SolutionGuid = {4D8B97D7-B8F5-4BD5-A28D-20D514F51262}
	EndGlobalSection
EndGlobal
